// !$*UTF8*$!
{
	archiveVersion = 1;
	classes = {
	};
	objectVersion = 50;
	objects = {

/* Begin PBXBuildFile section */
		E92013232643DBD60057B031 /* AppDelegate.swift in Sources */ = {isa = PBXBuildFile; fileRef = E92013222643DBD60057B031 /* AppDelegate.swift */; };
		E92013252643DBD60057B031 /* SceneDelegate.swift in Sources */ = {isa = PBXBuildFile; fileRef = E92013242643DBD60057B031 /* SceneDelegate.swift */; };
		E92013272643DBD60057B031 /* ViewController.swift in Sources */ = {isa = PBXBuildFile; fileRef = E92013262643DBD60057B031 /* ViewController.swift */; };
		E920132A2643DBD60057B031 /* Main.storyboard in Resources */ = {isa = PBXBuildFile; fileRef = E92013282643DBD60057B031 /* Main.storyboard */; };
		E920132C2643DBD80057B031 /* Assets.xcassets in Resources */ = {isa = PBXBuildFile; fileRef = E920132B2643DBD80057B031 /* Assets.xcassets */; };
		E920132F2643DBD80057B031 /* LaunchScreen.storyboard in Resources */ = {isa = PBXBuildFile; fileRef = E920132D2643DBD80057B031 /* LaunchScreen.storyboard */; };
		E95D0BE3264437A30044D26C /* bar.png in Resources */ = {isa = PBXBuildFile; fileRef = E95D0BE1264437A30044D26C /* bar.png */; };
		E95D0BE4264437A30044D26C /* tail.png in Resources */ = {isa = PBXBuildFile; fileRef = E95D0BE2264437A30044D26C /* tail.png */; };
		E95D0BE626451C540044D26C /* GameViewController.swift in Sources */ = {isa = PBXBuildFile; fileRef = E95D0BE526451C540044D26C /* GameViewController.swift */; };
		E95D0BE826451C810044D26C /* RankingViewController.swift in Sources */ = {isa = PBXBuildFile; fileRef = E95D0BE726451C810044D26C /* RankingViewController.swift */; };
/* End PBXBuildFile section */

/* Begin PBXFileReference section */
		E920131F2643DBD60057B031 /* BarabaraGame.app */ = {isa = PBXFileReference; explicitFileType = wrapper.application; includeInIndex = 0; path = BarabaraGame.app; sourceTree = BUILT_PRODUCTS_DIR; };
		E92013222643DBD60057B031 /* AppDelegate.swift */ = {isa = PBXFileReference; lastKnownFileType = sourcecode.swift; path = AppDelegate.swift; sourceTree = "<group>"; };
		E92013242643DBD60057B031 /* SceneDelegate.swift */ = {isa = PBXFileReference; lastKnownFileType = sourcecode.swift; path = SceneDelegate.swift; sourceTree = "<group>"; };
		E92013262643DBD60057B031 /* ViewController.swift */ = {isa = PBXFileReference; lastKnownFileType = sourcecode.swift; path = ViewController.swift; sourceTree = "<group>"; };
		E92013292643DBD60057B031 /* Base */ = {isa = PBXFileReference; lastKnownFileType = file.storyboard; name = Base; path = Base.lproj/Main.storyboard; sourceTree = "<group>"; };
		E920132B2643DBD80057B031 /* Assets.xcassets */ = {isa = PBXFileReference; lastKnownFileType = folder.assetcatalog; path = Assets.xcassets; sourceTree = "<group>"; };
		E920132E2643DBD80057B031 /* Base */ = {isa = PBXFileReference; lastKnownFileType = file.storyboard; name = Base; path = Base.lproj/LaunchScreen.storyboard; sourceTree = "<group>"; };
		E92013302643DBD80057B031 /* Info.plist */ = {isa = PBXFileReference; lastKnownFileType = text.plist.xml; path = Info.plist; sourceTree = "<group>"; };
		E95D0BE1264437A30044D26C /* bar.png */ = {isa = PBXFileReference; lastKnownFileType = image.png; path = bar.png; sourceTree = "<group>"; };
		E95D0BE2264437A30044D26C /* tail.png */ = {isa = PBXFileReference; lastKnownFileType = image.png; path = tail.png; sourceTree = "<group>"; };
		E95D0BE526451C540044D26C /* GameViewController.swift */ = {isa = PBXFileReference; lastKnownFileType = sourcecode.swift; path = GameViewController.swift; sourceTree = "<group>"; };
		E95D0BE726451C810044D26C /* RankingViewController.swift */ = {isa = PBXFileReference; lastKnownFileType = sourcecode.swift; path = RankingViewController.swift; sourceTree = "<group>"; };
/* End PBXFileReference section */

/* Begin PBXFrameworksBuildPhase section */
		E920131C2643DBD60057B031 /* Frameworks */ = {
			isa = PBXFrameworksBuildPhase;
			buildActionMask = 2147483647;
			files = (
			);
			runOnlyForDeploymentPostprocessing = 0;
		};
/* End PBXFrameworksBuildPhase section */

/* Begin PBXGroup section */
		E92013162643DBD60057B031 = {
			isa = PBXGroup;
			children = (
				E92013212643DBD60057B031 /* BarabaraGame */,
				E92013202643DBD60057B031 /* Products */,
			);
			sourceTree = "<group>";
		};
		E92013202643DBD60057B031 /* Products */ = {
			isa = PBXGroup;
			children = (
				E920131F2643DBD60057B031 /* BarabaraGame.app */,
			);
			name = Products;
			sourceTree = "<group>";
		};
		E92013212643DBD60057B031 /* BarabaraGame */ = {
			isa = PBXGroup;
			children = (
				E95D0BE1264437A30044D26C /* bar.png */,
				E95D0BE2264437A30044D26C /* tail.png */,
				E92013222643DBD60057B031 /* AppDelegate.swift */,
				E92013242643DBD60057B031 /* SceneDelegate.swift */,
				E92013262643DBD60057B031 /* ViewController.swift */,
				E92013282643DBD60057B031 /* Main.storyboard */,
				E95D0BE526451C540044D26C /* GameViewController.swift */,
				E95D0BE726451C810044D26C /* RankingViewController.swift */,
				E920132B2643DBD80057B031 /* Assets.xcassets */,
				E920132D2643DBD80057B031 /* LaunchScreen.storyboard */,
				E92013302643DBD80057B031 /* Info.plist */,
			);
			path = BarabaraGame;
			sourceTree = "<group>";
		};
/* End PBXGroup section */

/* Begin PBXNativeTarget section */
		E920131E2643DBD60057B031 /* BarabaraGame */ = {
			isa = PBXNativeTarget;
			buildConfigurationList = E92013332643DBD80057B031 /* Build configuration list for PBXNativeTarget "BarabaraGame" */;
			buildPhases = (
				E920131B2643DBD60057B031 /* Sources */,
				E920131C2643DBD60057B031 /* Frameworks */,
				E920131D2643DBD60057B031 /* Resources */,
			);
			buildRules = (
			);
			dependencies = (
			);
			name = BarabaraGame;
			productName = BarabaraGame;
			productReference = E920131F2643DBD60057B031 /* BarabaraGame.app */;
			productType = "com.apple.product-type.application";
		};
/* End PBXNativeTarget section */

/* Begin PBXProject section */
		E92013172643DBD60057B031 /* Project object */ = {
			isa = PBXProject;
			attributes = {
				LastSwiftUpdateCheck = 1250;
				LastUpgradeCheck = 1250;
				TargetAttributes = {
					E920131E2643DBD60057B031 = {
						CreatedOnToolsVersion = 12.5;
					};
				};
			};
			buildConfigurationList = E920131A2643DBD60057B031 /* Build configuration list for PBXProject "BarabaraGame" */;
			compatibilityVersion = "Xcode 9.3";
			developmentRegion = en;
			hasScannedForEncodings = 0;
			knownRegions = (
				en,
				Base,
			);
			mainGroup = E92013162643DBD60057B031;
			productRefGroup = E92013202643DBD60057B031 /* Products */;
			projectDirPath = "";
			projectRoot = "";
			targets = (
				E920131E2643DBD60057B031 /* BarabaraGame */,
			);
		};
/* End PBXProject section */

/* Begin PBXResourcesBuildPhase section */
		E920131D2643DBD60057B031 /* Resources */ = {
			isa = PBXResourcesBuildPhase;
			buildActionMask = 2147483647;
			files = (
				E920132F2643DBD80057B031 /* LaunchScreen.storyboard in Resources */,
				E95D0BE4264437A30044D26C /* tail.png in Resources */,
				E920132C2643DBD80057B031 /* Assets.xcassets in Resources */,
				E920132A2643DBD60057B031 /* Main.storyboard in Resources */,
				E95D0BE3264437A30044D26C /* bar.png in Resources */,
			);
			runOnlyForDeploymentPostprocessing = 0;
		};
/* End PBXResourcesBuildPhase section */

/* Begin PBXSourcesBuildPhase section */
		E920131B2643DBD60057B031 /* Sources */ = {
			isa = PBXSourcesBuildPhase;
			buildActionMask = 2147483647;
			files = (
				E95D0BE826451C810044D26C /* RankingViewController.swift in Sources */,
				E95D0BE626451C540044D26C /* GameViewController.swift in Sources */,
				E92013272643DBD60057B031 /* ViewController.swift in Sources */,
				E92013232643DBD60057B031 /* AppDelegate.swift in Sources */,
				E92013252643DBD60057B031 /* SceneDelegate.swift in Sources */,
			);
			runOnlyForDeploymentPostprocessing = 0;
		};
/* End PBXSourcesBuildPhase section */

/* Begin PBXVariantGroup section */
		E92013282643DBD60057B031 /* Main.storyboard */ = {
			isa = PBXVariantGroup;
			children = (
				E92013292643DBD60057B031 /* Base */,
			);
			name = Main.storyboard;
			sourceTree = "<group>";
		};
		E920132D2643DBD80057B031 /* LaunchScreen.storyboard */ = {
			isa = PBXVariantGroup;
			children = (
				E920132E2643DBD80057B031 /* Base */,
			);
			name = LaunchScreen.storyboard;
			sourceTree = "<group>";
		};
/* End PBXVariantGroup section */

/* Begin XCBuildConfiguration section */
		E92013312643DBD80057B031 /* Debug */ = {
			isa = XCBuildConfiguration;
			buildSettings = {
				ALWAYS_SEARCH_USER_PATHS = NO;
				CLANG_ANALYZER_NONNULL = YES;
				CLANG_ANALYZER_NUMBER_OBJECT_CONVERSION = YES_AGGRESSIVE;
				CLANG_CXX_LANGUAGE_STANDARD = "gnu++14";
				CLANG_CXX_LIBRARY = "libc++";
				CLANG_ENABLE_MODULES = YES;
				CLANG_ENABLE_OBJC_ARC = YES;
				CLANG_ENABLE_OBJC_WEAK = YES;
				CLANG_WARN_BLOCK_CAPTURE_AUTORELEASING = YES;
				CLANG_WARN_BOOL_CONVERSION = YES;
				CLANG_WARN_COMMA = YES;
				CLANG_WARN_CONSTANT_CONVERSION = YES;
				CLANG_WARN_DEPRECATED_OBJC_IMPLEMENTATIONS = YES;
				CLANG_WARN_DIRECT_OBJC_ISA_USAGE = YES_ERROR;
				CLANG_WARN_DOCUMENTATION_COMMENTS = YES;
				CLANG_WARN_EMPTY_BODY = YES;
				CLANG_WARN_ENUM_CONVERSION = YES;
				CLANG_WARN_INFINITE_RECURSION = YES;
				CLANG_WARN_INT_CONVERSION = YES;
				CLANG_WARN_NON_LITERAL_NULL_CONVERSION = YES;
				CLANG_WARN_OBJC_IMPLICIT_RETAIN_SELF = YES;
				CLANG_WARN_OBJC_LITERAL_CONVERSION = YES;
				CLANG_WARN_OBJC_ROOT_CLASS = YES_ERROR;
				CLANG_WARN_QUOTED_INCLUDE_IN_FRAMEWORK_HEADER = YES;
				CLANG_WARN_RANGE_LOOP_ANALYSIS = YES;
				CLANG_WARN_STRICT_PROTOTYPES = YES;
				CLANG_WARN_SUSPICIOUS_MOVE = YES;
				CLANG_WARN_UNGUARDED_AVAILABILITY = YES_AGGRESSIVE;
				CLANG_WARN_UNREACHABLE_CODE = YES;
				CLANG_WARN__DUPLICATE_METHOD_MATCH = YES;
				COPY_PHASE_STRIP = NO;
				DEBUG_INFORMATION_FORMAT = dwarf;
				ENABLE_STRICT_OBJC_MSGSEND = YES;
				ENABLE_TESTABILITY = YES;
				GCC_C_LANGUAGE_STANDARD = gnu11;
				GCC_DYNAMIC_NO_PIC = NO;
				GCC_NO_COMMON_BLOCKS = YES;
				GCC_OPTIMIZATION_LEVEL = 0;
				GCC_PREPROCESSOR_DEFINITIONS = (
					"DEBUG=1",
					"$(inherited)",
				);
				GCC_WARN_64_TO_32_BIT_CONVERSION = YES;
				GCC_WARN_ABOUT_RETURN_TYPE = YES_ERROR;
				GCC_WARN_UNDECLARED_SELECTOR = YES;
				GCC_WARN_UNINITIALIZED_AUTOS = YES_AGGRESSIVE;
				GCC_WARN_UNUSED_FUNCTION = YES;
				GCC_WARN_UNUSED_VARIABLE = YES;
				IPHONEOS_DEPLOYMENT_TARGET = 14.5;
				MTL_ENABLE_DEBUG_INFO = INCLUDE_SOURCE;
				MTL_FAST_MATH = YES;
				ONLY_ACTIVE_ARCH = YES;
				SDKROOT = iphoneos;
				SWIFT_ACTIVE_COMPILATION_CONDITIONS = DEBUG;
				SWIFT_OPTIMIZATION_LEVEL = "-Onone";
			};
			name = Debug;
		};
		E92013322643DBD80057B031 /* Release */ = {
			isa = XCBuildConfiguration;
			buildSettings = {
				ALWAYS_SEARCH_USER_PATHS = NO;
				CLANG_ANALYZER_NONNULL = YES;
				CLANG_ANALYZER_NUMBER_OBJECT_CONVERSION = YES_AGGRESSIVE;
				CLANG_CXX_LANGUAGE_STANDARD = "gnu++14";
				CLANG_CXX_LIBRARY = "libc++";
				CLANG_ENABLE_MODULES = YES;
				CLANG_ENABLE_OBJC_ARC = YES;
				CLANG_ENABLE_OBJC_WEAK = YES;
				CLANG_WARN_BLOCK_CAPTURE_AUTORELEASING = YES;
				CLANG_WARN_BOOL_CONVERSION = YES;
				CLANG_WARN_COMMA = YES;
				CLANG_WARN_CONSTANT_CONVERSION = YES;
				CLANG_WARN_DEPRECATED_OBJC_IMPLEMENTATIONS = YES;
				CLANG_WARN_DIRECT_OBJC_ISA_USAGE = YES_ERROR;
				CLANG_WARN_DOCUMENTATION_COMMENTS = YES;
				CLANG_WARN_EMPTY_BODY = YES;
				CLANG_WARN_ENUM_CONVERSION = YES;
				CLANG_WARN_INFINITE_RECURSION = YES;
				CLANG_WARN_INT_CONVERSION = YES;
				CLANG_WARN_NON_LITERAL_NULL_CONVERSION = YES;
				CLANG_WARN_OBJC_IMPLICIT_RETAIN_SELF = YES;
				CLANG_WARN_OBJC_LITERAL_CONVERSION = YES;
				CLANG_WARN_OBJC_ROOT_CLASS = YES_ERROR;
				CLANG_WARN_QUOTED_INCLUDE_IN_FRAMEWORK_HEADER = YES;
				CLANG_WARN_RANGE_LOOP_ANALYSIS = YES;
				CLANG_WARN_STRICT_PROTOTYPES = YES;
				CLANG_WARN_SUSPICIOUS_MOVE = YES;
				CLANG_WARN_UNGUARDED_AVAILABILITY = YES_AGGRESSIVE;
				CLANG_WARN_UNREACHABLE_CODE = YES;
				CLANG_WARN__DUPLICATE_METHOD_MATCH = YES;
				COPY_PHASE_STRIP = NO;
				DEBUG_INFORMATION_FORMAT = "dwarf-with-dsym";
				ENABLE_NS_ASSERTIONS = NO;
				ENABLE_STRICT_OBJC_MSGSEND = YES;
				GCC_C_LANGUAGE_STANDARD = gnu11;
				GCC_NO_COMMON_BLOCKS = YES;
				GCC_WARN_64_TO_32_BIT_CONVERSION = YES;
				GCC_WARN_ABOUT_RETURN_TYPE = YES_ERROR;
				GCC_WARN_UNDECLARED_SELECTOR = YES;
				GCC_WARN_UNINITIALIZED_AUTOS = YES_AGGRESSIVE;
				GCC_WARN_UNUSED_FUNCTION = YES;
				GCC_WARN_UNUSED_VARIABLE = YES;
				IPHONEOS_DEPLOYMENT_TARGET = 14.5;
				MTL_ENABLE_DEBUG_INFO = NO;
				MTL_FAST_MATH = YES;
				SDKROOT = iphoneos;
				SWIFT_COMPILATION_MODE = wholemodule;
				SWIFT_OPTIMIZATION_LEVEL = "-O";
				VALIDATE_PRODUCT = YES;
			};
			name = Release;
		};
		E92013342643DBD80057B031 /* Debug */ = {
			isa = XCBuildConfiguration;
			buildSettings = {
				ASSETCATALOG_COMPILER_APPICON_NAME = AppIcon;
				ASSETCATALOG_COMPILER_GLOBAL_ACCENT_COLOR_NAME = AccentColor;
				CODE_SIGN_STYLE = Automatic;
				INFOPLIST_FILE = BarabaraGame/Info.plist;
				LD_RUNPATH_SEARCH_PATHS = (
					"$(inherited)",
					"@executable_path/Frameworks",
				);
				PRODUCT_BUNDLE_IDENTIFIER = app.yonpachi.takahashi.BarabaraGame;
				PRODUCT_NAME = "$(TARGET_NAME)";
				SWIFT_VERSION = 5.0;
				TARGETED_DEVICE_FAMILY = "1,2";
			};
			name = Debug;
		};
		E92013352643DBD80057B031 /* Release */ = {
			isa = XCBuildConfiguration;
			buildSettings = {
				ASSETCATALOG_COMPILER_APPICON_NAME = AppIcon;
				ASSETCATALOG_COMPILER_GLOBAL_ACCENT_COLOR_NAME = AccentColor;
				CODE_SIGN_STYLE = Automatic;
				INFOPLIST_FILE = BarabaraGame/Info.plist;
				LD_RUNPATH_SEARCH_PATHS = (
					"$(inherited)",
					"@executable_path/Frameworks",
				);
				PRODUCT_BUNDLE_IDENTIFIER = app.yonpachi.takahashi.BarabaraGame;
				PRODUCT_NAME = "$(TARGET_NAME)";
				SWIFT_VERSION = 5.0;
				TARGETED_DEVICE_FAMILY = "1,2";
			};
			name = Release;
		};
/* End XCBuildConfiguration section */

/* Begin XCConfigurationList section */
		E920131A2643DBD60057B031 /* Build configuration list for PBXProject "BarabaraGame" */ = {
			isa = XCConfigurationList;
			buildConfigurations = (
				E92013312643DBD80057B031 /* Debug */,
				E92013322643DBD80057B031 /* Release */,
			);
			defaultConfigurationIsVisible = 0;
			defaultConfigurationName = Release;
		};
		E92013332643DBD80057B031 /* Build configuration list for PBXNativeTarget "BarabaraGame" */ = {
			isa = XCConfigurationList;
			buildConfigurations = (
				E92013342643DBD80057B031 /* Debug */,
				E92013352643DBD80057B031 /* Release */,
			);
			defaultConfigurationIsVisible = 0;
			defaultConfigurationName = Release;
		};
/* End XCConfigurationList section */
	};
	rootObject = E92013172643DBD60057B031 /* Project object */;
}
